
Microsoft Visual Studio Solution File, Format Version 12.00
# Visual Studio Version 16
VisualStudioVersion = 16.0.29326.143
MinimumVisualStudioVersion = 10.0.40219.1
Project("{FAE04EC0-301F-11D3-BF4B-00C04F79EFBC}") = "TestGenerator", "TestGenerator\TestGenerator.csproj", "{340CAF60-2B5F-4939-8252-D48B959ADFA3}"
EndProject
Project("{FAE04EC0-301F-11D3-BF4B-00C04F79EFBC}") = "TestGeneratorLib", "TestGeneratorLib\TestGeneratorLib.csproj", "{91528B10-1425-4601-B6E8-00F368509D84}"
EndProject
Global
	GlobalSection(SolutionConfigurationPlatforms) = preSolution
		Debug|Any CPU = Debug|Any CPU
		Release|Any CPU = Release|Any CPU
	EndGlobalSection
	GlobalSection(ProjectConfigurationPlatforms) = postSolution
		{340CAF60-2B5F-4939-8252-D48B959ADFA3}.Debug|Any CPU.ActiveCfg = Debug|Any CPU
		{340CAF60-2B5F-4939-8252-D48B959ADFA3}.Debug|Any CPU.Build.0 = Debug|Any CPU
		{340CAF60-2B5F-4939-8252-D48B959ADFA3}.Release|Any CPU.ActiveCfg = Release|Any CPU
		{340CAF60-2B5F-4939-8252-D48B959ADFA3}.Release|Any CPU.Build.0 = Release|Any CPU
		{91528B10-1425-4601-B6E8-00F368509D84}.Debug|Any CPU.ActiveCfg = Debug|Any CPU
		{91528B10-1425-4601-B6E8-00F368509D84}.Debug|Any CPU.Build.0 = Debug|Any CPU
		{91528B10-1425-4601-B6E8-00F368509D84}.Release|Any CPU.ActiveCfg = Release|Any CPU
		{91528B10-1425-4601-B6E8-00F368509D84}.Release|Any CPU.Build.0 = Release|Any CPU
	EndGlobalSection
	GlobalSection(SolutionProperties) = preSolution
		HideSolutionNode = FALSE
	EndGlobalSection
	GlobalSection(ExtensibilityGlobals) = postSolution
		SolutionGuid = {DE8D743F-09E4-4C09-8D73-3FFC7C0069E7}
	EndGlobalSection
EndGlobal
